
Microsoft Visual Studio Solution File, Format Version 12.00
# Visual Studio Version 16
VisualStudioVersion = 16.0.30320.27
MinimumVisualStudioVersion = 10.0.40219.1
Project("{FAE04EC0-301F-11D3-BF4B-00C04F79EFBC}") = "SeniorProject", "SeniorProject\SeniorProject.csproj", "{689981EF-9A27-4851-9EAF-8F68A75C567B}"
EndProject
Global
	GlobalSection(SolutionConfigurationPlatforms) = preSolution
		Debug|Any CPU = Debug|Any CPU
		Release|Any CPU = Release|Any CPU
	EndGlobalSection
	GlobalSection(ProjectConfigurationPlatforms) = postSolution
		{689981EF-9A27-4851-9EAF-8F68A75C567B}.Debug|Any CPU.ActiveCfg = Debug|Any CPU
		{689981EF-9A27-4851-9EAF-8F68A75C567B}.Debug|Any CPU.Build.0 = Debug|Any CPU
		{689981EF-9A27-4851-9EAF-8F68A75C567B}.Release|Any CPU.ActiveCfg = Release|Any CPU
		{689981EF-9A27-4851-9EAF-8F68A75C567B}.Release|Any CPU.Build.0 = Release|Any CPU
	EndGlobalSection
	GlobalSection(SolutionProperties) = preSolution
		HideSolutionNode = FALSE
	EndGlobalSection
	GlobalSection(ExtensibilityGlobals) = postSolution
		SolutionGuid = {8F59A23C-F6A1-4EDD-9725-B16FBF930CDA}
	EndGlobalSection
EndGlobal
